
Microsoft Visual Studio Solution File, Format Version 12.00
# Visual Studio Version 16
VisualStudioVersion = 16.0.30611.23
MinimumVisualStudioVersion = 10.0.40219.1
Project("{9A19103F-16F7-4668-BE54-9A1E7A4F7556}") = "TestGitHub", "TestGitHub\TestGitHub.csproj", "{D747A067-D00E-4E12-AA21-FF9D43186ED0}"
EndProject
Project("{FAE04EC0-301F-11D3-BF4B-00C04F79EFBC}") = "TestGitHubMaterialDesign", "TestGitHubMaterialDesign\TestGitHubMaterialDesign.csproj", "{263FB5F0-1F10-4141-9B52-FE3E45BFA749}"
EndProject
Global
	GlobalSection(SolutionConfigurationPlatforms) = preSolution
		Debug|Any CPU = Debug|Any CPU
		Release|Any CPU = Release|Any CPU
	EndGlobalSection
	GlobalSection(ProjectConfigurationPlatforms) = postSolution
		{D747A067-D00E-4E12-AA21-FF9D43186ED0}.Debug|Any CPU.ActiveCfg = Debug|Any CPU
		{D747A067-D00E-4E12-AA21-FF9D43186ED0}.Debug|Any CPU.Build.0 = Debug|Any CPU
		{D747A067-D00E-4E12-AA21-FF9D43186ED0}.Release|Any CPU.ActiveCfg = Release|Any CPU
		{D747A067-D00E-4E12-AA21-FF9D43186ED0}.Release|Any CPU.Build.0 = Release|Any CPU
		{263FB5F0-1F10-4141-9B52-FE3E45BFA749}.Debug|Any CPU.ActiveCfg = Debug|Any CPU
		{263FB5F0-1F10-4141-9B52-FE3E45BFA749}.Debug|Any CPU.Build.0 = Debug|Any CPU
		{263FB5F0-1F10-4141-9B52-FE3E45BFA749}.Release|Any CPU.ActiveCfg = Release|Any CPU
		{263FB5F0-1F10-4141-9B52-FE3E45BFA749}.Release|Any CPU.Build.0 = Release|Any CPU
	EndGlobalSection
	GlobalSection(SolutionProperties) = preSolution
		HideSolutionNode = FALSE
	EndGlobalSection
	GlobalSection(ExtensibilityGlobals) = postSolution
		SolutionGuid = {7C259379-700E-47D2-BF4E-3EF39E0E49F0}
	EndGlobalSection
EndGlobal
